
Microsoft Visual Studio Solution File, Format Version 12.00
# Visual Studio 15
VisualStudioVersion = 15.0.27130.2027
MinimumVisualStudioVersion = 10.0.40219.1
Project("{FAE04EC0-301F-11D3-BF4B-00C04F79EFBC}") = "TestGit", "TestGit\TestGit.csproj", "{402C22A7-1FE5-44BC-BBC9-065BE5E77498}"
EndProject
Global
	GlobalSection(SolutionConfigurationPlatforms) = preSolution
		Debug|Any CPU = Debug|Any CPU
		Release|Any CPU = Release|Any CPU
	EndGlobalSection
	GlobalSection(ProjectConfigurationPlatforms) = postSolution
		{402C22A7-1FE5-44BC-BBC9-065BE5E77498}.Debug|Any CPU.ActiveCfg = Debug|Any CPU
		{402C22A7-1FE5-44BC-BBC9-065BE5E77498}.Debug|Any CPU.Build.0 = Debug|Any CPU
		{402C22A7-1FE5-44BC-BBC9-065BE5E77498}.Release|Any CPU.ActiveCfg = Release|Any CPU
		{402C22A7-1FE5-44BC-BBC9-065BE5E77498}.Release|Any CPU.Build.0 = Release|Any CPU
	EndGlobalSection
	GlobalSection(SolutionProperties) = preSolution
		HideSolutionNode = FALSE
	EndGlobalSection
	GlobalSection(ExtensibilityGlobals) = postSolution
		SolutionGuid = {0DA5DAC0-80F8-4EAF-8E71-6CBC3E50A657}
	EndGlobalSection
EndGlobal
